// !$*UTF8*$!
{
	archiveVersion = 1;
	classes = {
	};
	objectVersion = 50;
	objects = {

/* Begin PBXBuildFile section */
		051D300D24103F73002AF790 /* Rubik-Black.ttf in Resources */ = {isa = PBXBuildFile; fileRef = A6F91114240F84C900B85B27 /* Rubik-Black.ttf */; };
		051D300E24103F73002AF790 /* Rubik-BlackItalic.ttf in Resources */ = {isa = PBXBuildFile; fileRef = A6F91117240F84C900B85B27 /* Rubik-BlackItalic.ttf */; };
		051D300F24103F73002AF790 /* Rubik-Bold.ttf in Resources */ = {isa = PBXBuildFile; fileRef = A6F91110240F84C800B85B27 /* Rubik-Bold.ttf */; };
		051D301024103F73002AF790 /* Rubik-BoldItalic.ttf in Resources */ = {isa = PBXBuildFile; fileRef = A6F91116240F84C900B85B27 /* Rubik-BoldItalic.ttf */; };
		051D301124103F73002AF790 /* Rubik-Italic.ttf in Resources */ = {isa = PBXBuildFile; fileRef = A6F91113240F84C900B85B27 /* Rubik-Italic.ttf */; };
		051D301224103F73002AF790 /* Rubik-Light.ttf in Resources */ = {isa = PBXBuildFile; fileRef = A6F91111240F84C800B85B27 /* Rubik-Light.ttf */; };
		051D301324103F73002AF790 /* Rubik-LightItalic.ttf in Resources */ = {isa = PBXBuildFile; fileRef = A6F91115240F84C900B85B27 /* Rubik-LightItalic.ttf */; };
		051D301424103F73002AF790 /* Rubik-Medium.ttf in Resources */ = {isa = PBXBuildFile; fileRef = A6F91118240F84C900B85B27 /* Rubik-Medium.ttf */; };
		051D301524103F73002AF790 /* Rubik-MediumItalic.ttf in Resources */ = {isa = PBXBuildFile; fileRef = A6F91112240F84C900B85B27 /* Rubik-MediumItalic.ttf */; };
		051D301624103F73002AF790 /* Rubik-Regular.ttf in Resources */ = {isa = PBXBuildFile; fileRef = A6F9110F240F84C800B85B27 /* Rubik-Regular.ttf */; };
		058E4B49240D638700D4C20A /* SplashScreenViewController.swift in Sources */ = {isa = PBXBuildFile; fileRef = 058E4B48240D638700D4C20A /* SplashScreenViewController.swift */; };
		A656F3DC240FD84D0038AA7B /* MainScreenViewController.swift in Sources */ = {isa = PBXBuildFile; fileRef = A656F3DB240FD84D0038AA7B /* MainScreenViewController.swift */; };
		A671E95B240D4FBF00DF2577 /* AppDelegate.swift in Sources */ = {isa = PBXBuildFile; fileRef = A671E95A240D4FBF00DF2577 /* AppDelegate.swift */; };
		A671E95D240D4FBF00DF2577 /* SceneDelegate.swift in Sources */ = {isa = PBXBuildFile; fileRef = A671E95C240D4FBF00DF2577 /* SceneDelegate.swift */; };
		A671E95F240D4FBF00DF2577 /* ViewController.swift in Sources */ = {isa = PBXBuildFile; fileRef = A671E95E240D4FBF00DF2577 /* ViewController.swift */; };
		A671E962240D4FBF00DF2577 /* Main.storyboard in Resources */ = {isa = PBXBuildFile; fileRef = A671E960240D4FBF00DF2577 /* Main.storyboard */; };
		A671E964240D4FC200DF2577 /* Assets.xcassets in Resources */ = {isa = PBXBuildFile; fileRef = A671E963240D4FC200DF2577 /* Assets.xcassets */; };
		A671E967240D4FC200DF2577 /* LaunchScreen.storyboard in Resources */ = {isa = PBXBuildFile; fileRef = A671E965240D4FC200DF2577 /* LaunchScreen.storyboard */; };
		A671E972240D4FC200DF2577 /* CaffeineTests.swift in Sources */ = {isa = PBXBuildFile; fileRef = A671E971240D4FC200DF2577 /* CaffeineTests.swift */; };
/* End PBXBuildFile section */

/* Begin PBXContainerItemProxy section */
		A671E96E240D4FC200DF2577 /* PBXContainerItemProxy */ = {
			isa = PBXContainerItemProxy;
			containerPortal = A671E94F240D4FBF00DF2577 /* Project object */;
			proxyType = 1;
			remoteGlobalIDString = A671E956240D4FBF00DF2577;
			remoteInfo = Caffeine;
		};
/* End PBXContainerItemProxy section */

/* Begin PBXFileReference section */
		058E4B48240D638700D4C20A /* SplashScreenViewController.swift */ = {isa = PBXFileReference; lastKnownFileType = sourcecode.swift; path = SplashScreenViewController.swift; sourceTree = "<group>"; };
		A656F3DB240FD84D0038AA7B /* MainScreenViewController.swift */ = {isa = PBXFileReference; lastKnownFileType = sourcecode.swift; path = MainScreenViewController.swift; sourceTree = "<group>"; };
		A671E957240D4FBF00DF2577 /* Caffeine.app */ = {isa = PBXFileReference; explicitFileType = wrapper.application; includeInIndex = 0; path = Caffeine.app; sourceTree = BUILT_PRODUCTS_DIR; };
		A671E95A240D4FBF00DF2577 /* AppDelegate.swift */ = {isa = PBXFileReference; lastKnownFileType = sourcecode.swift; path = AppDelegate.swift; sourceTree = "<group>"; };
		A671E95C240D4FBF00DF2577 /* SceneDelegate.swift */ = {isa = PBXFileReference; lastKnownFileType = sourcecode.swift; path = SceneDelegate.swift; sourceTree = "<group>"; };
		A671E95E240D4FBF00DF2577 /* ViewController.swift */ = {isa = PBXFileReference; lastKnownFileType = sourcecode.swift; path = ViewController.swift; sourceTree = "<group>"; };
		A671E961240D4FBF00DF2577 /* Base */ = {isa = PBXFileReference; lastKnownFileType = file.storyboard; name = Base; path = Base.lproj/Main.storyboard; sourceTree = "<group>"; };
		A671E963240D4FC200DF2577 /* Assets.xcassets */ = {isa = PBXFileReference; lastKnownFileType = folder.assetcatalog; path = Assets.xcassets; sourceTree = "<group>"; };
		A671E966240D4FC200DF2577 /* Base */ = {isa = PBXFileReference; lastKnownFileType = file.storyboard; name = Base; path = Base.lproj/LaunchScreen.storyboard; sourceTree = "<group>"; };
		A671E968240D4FC200DF2577 /* Info.plist */ = {isa = PBXFileReference; lastKnownFileType = text.plist.xml; path = Info.plist; sourceTree = "<group>"; };
		A671E96D240D4FC200DF2577 /* CaffeineTests.xctest */ = {isa = PBXFileReference; explicitFileType = wrapper.cfbundle; includeInIndex = 0; path = CaffeineTests.xctest; sourceTree = BUILT_PRODUCTS_DIR; };
		A671E971240D4FC200DF2577 /* CaffeineTests.swift */ = {isa = PBXFileReference; lastKnownFileType = sourcecode.swift; path = CaffeineTests.swift; sourceTree = "<group>"; };
		A671E973240D4FC200DF2577 /* Info.plist */ = {isa = PBXFileReference; lastKnownFileType = text.plist.xml; path = Info.plist; sourceTree = "<group>"; };
		A6F9110F240F84C800B85B27 /* Rubik-Regular.ttf */ = {isa = PBXFileReference; lastKnownFileType = file; path = "Rubik-Regular.ttf"; sourceTree = "<group>"; };
		A6F91110240F84C800B85B27 /* Rubik-Bold.ttf */ = {isa = PBXFileReference; lastKnownFileType = file; path = "Rubik-Bold.ttf"; sourceTree = "<group>"; };
		A6F91111240F84C800B85B27 /* Rubik-Light.ttf */ = {isa = PBXFileReference; lastKnownFileType = file; path = "Rubik-Light.ttf"; sourceTree = "<group>"; };
		A6F91112240F84C900B85B27 /* Rubik-MediumItalic.ttf */ = {isa = PBXFileReference; lastKnownFileType = file; path = "Rubik-MediumItalic.ttf"; sourceTree = "<group>"; };
		A6F91113240F84C900B85B27 /* Rubik-Italic.ttf */ = {isa = PBXFileReference; lastKnownFileType = file; path = "Rubik-Italic.ttf"; sourceTree = "<group>"; };
		A6F91114240F84C900B85B27 /* Rubik-Black.ttf */ = {isa = PBXFileReference; lastKnownFileType = file; path = "Rubik-Black.ttf"; sourceTree = "<group>"; };
		A6F91115240F84C900B85B27 /* Rubik-LightItalic.ttf */ = {isa = PBXFileReference; lastKnownFileType = file; path = "Rubik-LightItalic.ttf"; sourceTree = "<group>"; };
		A6F91116240F84C900B85B27 /* Rubik-BoldItalic.ttf */ = {isa = PBXFileReference; lastKnownFileType = file; path = "Rubik-BoldItalic.ttf"; sourceTree = "<group>"; };
		A6F91117240F84C900B85B27 /* Rubik-BlackItalic.ttf */ = {isa = PBXFileReference; lastKnownFileType = file; path = "Rubik-BlackItalic.ttf"; sourceTree = "<group>"; };
		A6F91118240F84C900B85B27 /* Rubik-Medium.ttf */ = {isa = PBXFileReference; lastKnownFileType = file; path = "Rubik-Medium.ttf"; sourceTree = "<group>"; };
/* End PBXFileReference section */

/* Begin PBXFrameworksBuildPhase section */
		A671E954240D4FBF00DF2577 /* Frameworks */ = {
			isa = PBXFrameworksBuildPhase;
			buildActionMask = 2147483647;
			files = (
			);
			runOnlyForDeploymentPostprocessing = 0;
		};
		A671E96A240D4FC200DF2577 /* Frameworks */ = {
			isa = PBXFrameworksBuildPhase;
			buildActionMask = 2147483647;
			files = (
			);
			runOnlyForDeploymentPostprocessing = 0;
		};
/* End PBXFrameworksBuildPhase section */

/* Begin PBXGroup section */
		051D301724104067002AF790 /* Controllers */ = {
			isa = PBXGroup;
			children = (
				051D301824104101002AF790 /* SplashScreen */,
				051D301E241043AA002AF790 /* MainScreen */,
			);
			path = Controllers;
			sourceTree = "<group>";
		};
		051D301824104101002AF790 /* SplashScreen */ = {
			isa = PBXGroup;
			children = (
				051D301924104119002AF790 /* Models */,
				051D301A24104123002AF790 /* Views */,
			);
			path = SplashScreen;
			sourceTree = "<group>";
		};
		051D301924104119002AF790 /* Models */ = {
			isa = PBXGroup;
			children = (
			);
			path = Models;
			sourceTree = "<group>";
		};
		051D301A24104123002AF790 /* Views */ = {
			isa = PBXGroup;
			children = (
				058E4B48240D638700D4C20A /* SplashScreenViewController.swift */,
			);
			path = Views;
			sourceTree = "<group>";
		};
		051D301B2410418D002AF790 /* Views */ = {
			isa = PBXGroup;
			children = (
			);
			path = Views;
			sourceTree = "<group>";
		};
		051D301C2410432C002AF790 /* Support Files */ = {
			isa = PBXGroup;
			children = (
				A671E965240D4FC200DF2577 /* LaunchScreen.storyboard */,
				A671E968240D4FC200DF2577 /* Info.plist */,
			);
			path = "Support Files";
			sourceTree = "<group>";
		};
		051D301D24104393002AF790 /* Resources */ = {
			isa = PBXGroup;
			children = (
				A6F9110E240F84BB00B85B27 /* Fonts */,
				A671E963240D4FC200DF2577 /* Assets.xcassets */,
			);
			path = Resources;
			sourceTree = "<group>";
		};
		051D301E241043AA002AF790 /* MainScreen */ = {
			isa = PBXGroup;
			children = (
				051D301F241048C4002AF790 /* Models */,
				051D3020241048C9002AF790 /* Views */,
			);
			path = MainScreen;
			sourceTree = "<group>";
		};
		051D301F241048C4002AF790 /* Models */ = {
			isa = PBXGroup;
			children = (
			);
			path = Models;
			sourceTree = "<group>";
		};
		051D3020241048C9002AF790 /* Views */ = {
			isa = PBXGroup;
			children = (
				A656F3DB240FD84D0038AA7B /* MainScreenViewController.swift */,
			);
			path = Views;
			sourceTree = "<group>";
		};
		051D302124104914002AF790 /* Startup */ = {
			isa = PBXGroup;
			children = (
				A671E95A240D4FBF00DF2577 /* AppDelegate.swift */,
				A671E95C240D4FBF00DF2577 /* SceneDelegate.swift */,
			);
			path = Startup;
			sourceTree = "<group>";
		};
		A671E94E240D4FBF00DF2577 = {
			isa = PBXGroup;
			children = (
				A671E959240D4FBF00DF2577 /* Caffeine */,
				A671E970240D4FC200DF2577 /* CaffeineTests */,
				A671E958240D4FBF00DF2577 /* Products */,
			);
			sourceTree = "<group>";
		};
		A671E958240D4FBF00DF2577 /* Products */ = {
			isa = PBXGroup;
			children = (
				A671E957240D4FBF00DF2577 /* Caffeine.app */,
				A671E96D240D4FC200DF2577 /* CaffeineTests.xctest */,
			);
			name = Products;
			sourceTree = "<group>";
		};
		A671E959240D4FBF00DF2577 /* Caffeine */ = {
			isa = PBXGroup;
			children = (
				051D301B2410418D002AF790 /* Views */,
				051D301724104067002AF790 /* Controllers */,
				051D302124104914002AF790 /* Startup */,
				051D301C2410432C002AF790 /* Support Files */,
				051D301D24104393002AF790 /* Resources */,
				A671E95E240D4FBF00DF2577 /* ViewController.swift */,
				A671E960240D4FBF00DF2577 /* Main.storyboard */,
			);
			path = Caffeine;
			sourceTree = "<group>";
		};
		A671E970240D4FC200DF2577 /* CaffeineTests */ = {
			isa = PBXGroup;
			children = (
				A671E971240D4FC200DF2577 /* CaffeineTests.swift */,
				A671E973240D4FC200DF2577 /* Info.plist */,
			);
			path = CaffeineTests;
			sourceTree = "<group>";
		};
		A6F9110E240F84BB00B85B27 /* Fonts */ = {
			isa = PBXGroup;
			children = (
				A6F91114240F84C900B85B27 /* Rubik-Black.ttf */,
				A6F91117240F84C900B85B27 /* Rubik-BlackItalic.ttf */,
				A6F91110240F84C800B85B27 /* Rubik-Bold.ttf */,
				A6F91116240F84C900B85B27 /* Rubik-BoldItalic.ttf */,
				A6F91113240F84C900B85B27 /* Rubik-Italic.ttf */,
				A6F91111240F84C800B85B27 /* Rubik-Light.ttf */,
				A6F91115240F84C900B85B27 /* Rubik-LightItalic.ttf */,
				A6F91118240F84C900B85B27 /* Rubik-Medium.ttf */,
				A6F91112240F84C900B85B27 /* Rubik-MediumItalic.ttf */,
				A6F9110F240F84C800B85B27 /* Rubik-Regular.ttf */,
			);
			path = Fonts;
			sourceTree = "<group>";
		};
/* End PBXGroup section */

/* Begin PBXNativeTarget section */
		A671E956240D4FBF00DF2577 /* Caffeine */ = {
			isa = PBXNativeTarget;
			buildConfigurationList = A671E976240D4FC200DF2577 /* Build configuration list for PBXNativeTarget "Caffeine" */;
			buildPhases = (
				A671E953240D4FBF00DF2577 /* Sources */,
				A671E954240D4FBF00DF2577 /* Frameworks */,
				A671E955240D4FBF00DF2577 /* Resources */,
			);
			buildRules = (
			);
			dependencies = (
			);
			name = Caffeine;
			productName = Caffeine;
			productReference = A671E957240D4FBF00DF2577 /* Caffeine.app */;
			productType = "com.apple.product-type.application";
		};
		A671E96C240D4FC200DF2577 /* CaffeineTests */ = {
			isa = PBXNativeTarget;
			buildConfigurationList = A671E979240D4FC200DF2577 /* Build configuration list for PBXNativeTarget "CaffeineTests" */;
			buildPhases = (
				A671E969240D4FC200DF2577 /* Sources */,
				A671E96A240D4FC200DF2577 /* Frameworks */,
				A671E96B240D4FC200DF2577 /* Resources */,
			);
			buildRules = (
			);
			dependencies = (
				A671E96F240D4FC200DF2577 /* PBXTargetDependency */,
			);
			name = CaffeineTests;
			productName = CaffeineTests;
			productReference = A671E96D240D4FC200DF2577 /* CaffeineTests.xctest */;
			productType = "com.apple.product-type.bundle.unit-test";
		};
/* End PBXNativeTarget section */

/* Begin PBXProject section */
		A671E94F240D4FBF00DF2577 /* Project object */ = {
			isa = PBXProject;
			attributes = {
				LastSwiftUpdateCheck = 1130;
				LastUpgradeCheck = 1130;
				ORGANIZATIONNAME = "Dovydas Kiriliauskas";
				TargetAttributes = {
					A671E956240D4FBF00DF2577 = {
						CreatedOnToolsVersion = 11.3.1;
					};
					A671E96C240D4FC200DF2577 = {
						CreatedOnToolsVersion = 11.3.1;
						TestTargetID = A671E956240D4FBF00DF2577;
					};
				};
			};
			buildConfigurationList = A671E952240D4FBF00DF2577 /* Build configuration list for PBXProject "Caffeine" */;
			compatibilityVersion = "Xcode 9.3";
			developmentRegion = en;
			hasScannedForEncodings = 0;
			knownRegions = (
				en,
				Base,
			);
			mainGroup = A671E94E240D4FBF00DF2577;
			productRefGroup = A671E958240D4FBF00DF2577 /* Products */;
			projectDirPath = "";
			projectRoot = "";
			targets = (
				A671E956240D4FBF00DF2577 /* Caffeine */,
				A671E96C240D4FC200DF2577 /* CaffeineTests */,
			);
		};
/* End PBXProject section */

/* Begin PBXResourcesBuildPhase section */
		A671E955240D4FBF00DF2577 /* Resources */ = {
			isa = PBXResourcesBuildPhase;
			buildActionMask = 2147483647;
			files = (
				051D300E24103F73002AF790 /* Rubik-BlackItalic.ttf in Resources */,
				051D301324103F73002AF790 /* Rubik-LightItalic.ttf in Resources */,
				051D300F24103F73002AF790 /* Rubik-Bold.ttf in Resources */,
				A671E967240D4FC200DF2577 /* LaunchScreen.storyboard in Resources */,
				A671E964240D4FC200DF2577 /* Assets.xcassets in Resources */,
				051D301224103F73002AF790 /* Rubik-Light.ttf in Resources */,
				051D301124103F73002AF790 /* Rubik-Italic.ttf in Resources */,
				051D301524103F73002AF790 /* Rubik-MediumItalic.ttf in Resources */,
				051D300D24103F73002AF790 /* Rubik-Black.ttf in Resources */,
				051D301024103F73002AF790 /* Rubik-BoldItalic.ttf in Resources */,
				051D301624103F73002AF790 /* Rubik-Regular.ttf in Resources */,
				051D301424103F73002AF790 /* Rubik-Medium.ttf in Resources */,
				A671E962240D4FBF00DF2577 /* Main.storyboard in Resources */,
			);
			runOnlyForDeploymentPostprocessing = 0;
		};
		A671E96B240D4FC200DF2577 /* Resources */ = {
			isa = PBXResourcesBuildPhase;
			buildActionMask = 2147483647;
			files = (
			);
			runOnlyForDeploymentPostprocessing = 0;
		};
/* End PBXResourcesBuildPhase section */

/* Begin PBXSourcesBuildPhase section */
		A671E953240D4FBF00DF2577 /* Sources */ = {
			isa = PBXSourcesBuildPhase;
			buildActionMask = 2147483647;
			files = (
				A656F3DC240FD84D0038AA7B /* MainScreenViewController.swift in Sources */,
				A671E95F240D4FBF00DF2577 /* ViewController.swift in Sources */,
				A671E95B240D4FBF00DF2577 /* AppDelegate.swift in Sources */,
				058E4B49240D638700D4C20A /* SplashScreenViewController.swift in Sources */,
				A671E95D240D4FBF00DF2577 /* SceneDelegate.swift in Sources */,
			);
			runOnlyForDeploymentPostprocessing = 0;
		};
		A671E969240D4FC200DF2577 /* Sources */ = {
			isa = PBXSourcesBuildPhase;
			buildActionMask = 2147483647;
			files = (
				A671E972240D4FC200DF2577 /* CaffeineTests.swift in Sources */,
			);
			runOnlyForDeploymentPostprocessing = 0;
		};
/* End PBXSourcesBuildPhase section */

/* Begin PBXTargetDependency section */
		A671E96F240D4FC200DF2577 /* PBXTargetDependency */ = {
			isa = PBXTargetDependency;
			target = A671E956240D4FBF00DF2577 /* Caffeine */;
			targetProxy = A671E96E240D4FC200DF2577 /* PBXContainerItemProxy */;
		};
/* End PBXTargetDependency section */

/* Begin PBXVariantGroup section */
		A671E960240D4FBF00DF2577 /* Main.storyboard */ = {
			isa = PBXVariantGroup;
			children = (
				A671E961240D4FBF00DF2577 /* Base */,
			);
			name = Main.storyboard;
			sourceTree = "<group>";
		};
		A671E965240D4FC200DF2577 /* LaunchScreen.storyboard */ = {
			isa = PBXVariantGroup;
			children = (
				A671E966240D4FC200DF2577 /* Base */,
			);
			name = LaunchScreen.storyboard;
			sourceTree = "<group>";
		};
/* End PBXVariantGroup section */

/* Begin XCBuildConfiguration section */
		A671E974240D4FC200DF2577 /* Debug */ = {
			isa = XCBuildConfiguration;
			buildSettings = {
				ALWAYS_SEARCH_USER_PATHS = NO;
				CLANG_ANALYZER_NONNULL = YES;
				CLANG_ANALYZER_NUMBER_OBJECT_CONVERSION = YES_AGGRESSIVE;
				CLANG_CXX_LANGUAGE_STANDARD = "gnu++14";
				CLANG_CXX_LIBRARY = "libc++";
				CLANG_ENABLE_MODULES = YES;
				CLANG_ENABLE_OBJC_ARC = YES;
				CLANG_ENABLE_OBJC_WEAK = YES;
				CLANG_WARN_BLOCK_CAPTURE_AUTORELEASING = YES;
				CLANG_WARN_BOOL_CONVERSION = YES;
				CLANG_WARN_COMMA = YES;
				CLANG_WARN_CONSTANT_CONVERSION = YES;
				CLANG_WARN_DEPRECATED_OBJC_IMPLEMENTATIONS = YES;
				CLANG_WARN_DIRECT_OBJC_ISA_USAGE = YES_ERROR;
				CLANG_WARN_DOCUMENTATION_COMMENTS = YES;
				CLANG_WARN_EMPTY_BODY = YES;
				CLANG_WARN_ENUM_CONVERSION = YES;
				CLANG_WARN_INFINITE_RECURSION = YES;
				CLANG_WARN_INT_CONVERSION = YES;
				CLANG_WARN_NON_LITERAL_NULL_CONVERSION = YES;
				CLANG_WARN_OBJC_IMPLICIT_RETAIN_SELF = YES;
				CLANG_WARN_OBJC_LITERAL_CONVERSION = YES;
				CLANG_WARN_OBJC_ROOT_CLASS = YES_ERROR;
				CLANG_WARN_RANGE_LOOP_ANALYSIS = YES;
				CLANG_WARN_STRICT_PROTOTYPES = YES;
				CLANG_WARN_SUSPICIOUS_MOVE = YES;
				CLANG_WARN_UNGUARDED_AVAILABILITY = YES_AGGRESSIVE;
				CLANG_WARN_UNREACHABLE_CODE = YES;
				CLANG_WARN__DUPLICATE_METHOD_MATCH = YES;
				COPY_PHASE_STRIP = NO;
				DEBUG_INFORMATION_FORMAT = dwarf;
				ENABLE_STRICT_OBJC_MSGSEND = YES;
				ENABLE_TESTABILITY = YES;
				GCC_C_LANGUAGE_STANDARD = gnu11;
				GCC_DYNAMIC_NO_PIC = NO;
				GCC_NO_COMMON_BLOCKS = YES;
				GCC_OPTIMIZATION_LEVEL = 0;
				GCC_PREPROCESSOR_DEFINITIONS = (
					"DEBUG=1",
					"$(inherited)",
				);
				GCC_WARN_64_TO_32_BIT_CONVERSION = YES;
				GCC_WARN_ABOUT_RETURN_TYPE = YES_ERROR;
				GCC_WARN_UNDECLARED_SELECTOR = YES;
				GCC_WARN_UNINITIALIZED_AUTOS = YES_AGGRESSIVE;
				GCC_WARN_UNUSED_FUNCTION = YES;
				GCC_WARN_UNUSED_VARIABLE = YES;
				IPHONEOS_DEPLOYMENT_TARGET = 13.2;
				MTL_ENABLE_DEBUG_INFO = INCLUDE_SOURCE;
				MTL_FAST_MATH = YES;
				ONLY_ACTIVE_ARCH = YES;
				SDKROOT = iphoneos;
				SWIFT_ACTIVE_COMPILATION_CONDITIONS = DEBUG;
				SWIFT_OPTIMIZATION_LEVEL = "-Onone";
			};
			name = Debug;
		};
		A671E975240D4FC200DF2577 /* Release */ = {
			isa = XCBuildConfiguration;
			buildSettings = {
				ALWAYS_SEARCH_USER_PATHS = NO;
				CLANG_ANALYZER_NONNULL = YES;
				CLANG_ANALYZER_NUMBER_OBJECT_CONVERSION = YES_AGGRESSIVE;
				CLANG_CXX_LANGUAGE_STANDARD = "gnu++14";
				CLANG_CXX_LIBRARY = "libc++";
				CLANG_ENABLE_MODULES = YES;
				CLANG_ENABLE_OBJC_ARC = YES;
				CLANG_ENABLE_OBJC_WEAK = YES;
				CLANG_WARN_BLOCK_CAPTURE_AUTORELEASING = YES;
				CLANG_WARN_BOOL_CONVERSION = YES;
				CLANG_WARN_COMMA = YES;
				CLANG_WARN_CONSTANT_CONVERSION = YES;
				CLANG_WARN_DEPRECATED_OBJC_IMPLEMENTATIONS = YES;
				CLANG_WARN_DIRECT_OBJC_ISA_USAGE = YES_ERROR;
				CLANG_WARN_DOCUMENTATION_COMMENTS = YES;
				CLANG_WARN_EMPTY_BODY = YES;
				CLANG_WARN_ENUM_CONVERSION = YES;
				CLANG_WARN_INFINITE_RECURSION = YES;
				CLANG_WARN_INT_CONVERSION = YES;
				CLANG_WARN_NON_LITERAL_NULL_CONVERSION = YES;
				CLANG_WARN_OBJC_IMPLICIT_RETAIN_SELF = YES;
				CLANG_WARN_OBJC_LITERAL_CONVERSION = YES;
				CLANG_WARN_OBJC_ROOT_CLASS = YES_ERROR;
				CLANG_WARN_RANGE_LOOP_ANALYSIS = YES;
				CLANG_WARN_STRICT_PROTOTYPES = YES;
				CLANG_WARN_SUSPICIOUS_MOVE = YES;
				CLANG_WARN_UNGUARDED_AVAILABILITY = YES_AGGRESSIVE;
				CLANG_WARN_UNREACHABLE_CODE = YES;
				CLANG_WARN__DUPLICATE_METHOD_MATCH = YES;
				COPY_PHASE_STRIP = NO;
				DEBUG_INFORMATION_FORMAT = "dwarf-with-dsym";
				ENABLE_NS_ASSERTIONS = NO;
				ENABLE_STRICT_OBJC_MSGSEND = YES;
				GCC_C_LANGUAGE_STANDARD = gnu11;
				GCC_NO_COMMON_BLOCKS = YES;
				GCC_WARN_64_TO_32_BIT_CONVERSION = YES;
				GCC_WARN_ABOUT_RETURN_TYPE = YES_ERROR;
				GCC_WARN_UNDECLARED_SELECTOR = YES;
				GCC_WARN_UNINITIALIZED_AUTOS = YES_AGGRESSIVE;
				GCC_WARN_UNUSED_FUNCTION = YES;
				GCC_WARN_UNUSED_VARIABLE = YES;
				IPHONEOS_DEPLOYMENT_TARGET = 13.2;
				MTL_ENABLE_DEBUG_INFO = NO;
				MTL_FAST_MATH = YES;
				SDKROOT = iphoneos;
				SWIFT_COMPILATION_MODE = wholemodule;
				SWIFT_OPTIMIZATION_LEVEL = "-O";
				VALIDATE_PRODUCT = YES;
			};
			name = Release;
		};
		A671E977240D4FC200DF2577 /* Debug */ = {
			isa = XCBuildConfiguration;
			buildSettings = {
				ASSETCATALOG_COMPILER_APPICON_NAME = AppIcon;
				CODE_SIGN_STYLE = Automatic;
				INFOPLIST_FILE = "Caffeine/Support Files/Info.plist";
				LD_RUNPATH_SEARCH_PATHS = (
					"$(inherited)",
					"@executable_path/Frameworks",
				);
				PRODUCT_BUNDLE_IDENTIFIER = CAF.Caffeine;
				PRODUCT_NAME = "$(TARGET_NAME)";
				SWIFT_VERSION = 5.0;
				TARGETED_DEVICE_FAMILY = 1;
			};
			name = Debug;
		};
		A671E978240D4FC200DF2577 /* Release */ = {
			isa = XCBuildConfiguration;
			buildSettings = {
				ASSETCATALOG_COMPILER_APPICON_NAME = AppIcon;
				CODE_SIGN_STYLE = Automatic;
				INFOPLIST_FILE = "Caffeine/Support Files/Info.plist";
				LD_RUNPATH_SEARCH_PATHS = (
					"$(inherited)",
					"@executable_path/Frameworks",
				);
				PRODUCT_BUNDLE_IDENTIFIER = CAF.Caffeine;
				PRODUCT_NAME = "$(TARGET_NAME)";
				SWIFT_VERSION = 5.0;
				TARGETED_DEVICE_FAMILY = 1;
			};
			name = Release;
		};
		A671E97A240D4FC200DF2577 /* Debug */ = {
			isa = XCBuildConfiguration;
			buildSettings = {
				ALWAYS_EMBED_SWIFT_STANDARD_LIBRARIES = YES;
				BUNDLE_LOADER = "$(TEST_HOST)";
				CODE_SIGN_STYLE = Automatic;
				INFOPLIST_FILE = CaffeineTests/Info.plist;
				IPHONEOS_DEPLOYMENT_TARGET = 13.2;
				LD_RUNPATH_SEARCH_PATHS = (
					"$(inherited)",
					"@executable_path/Frameworks",
					"@loader_path/Frameworks",
				);
				PRODUCT_BUNDLE_IDENTIFIER = CAF.CaffeineTests;
				PRODUCT_NAME = "$(TARGET_NAME)";
				SWIFT_VERSION = 5.0;
				TARGETED_DEVICE_FAMILY = "1,2";
				TEST_HOST = "$(BUILT_PRODUCTS_DIR)/Caffeine.app/Caffeine";
			};
			name = Debug;
		};
		A671E97B240D4FC200DF2577 /* Release */ = {
			isa = XCBuildConfiguration;
			buildSettings = {
				ALWAYS_EMBED_SWIFT_STANDARD_LIBRARIES = YES;
				BUNDLE_LOADER = "$(TEST_HOST)";
				CODE_SIGN_STYLE = Automatic;
				INFOPLIST_FILE = CaffeineTests/Info.plist;
				IPHONEOS_DEPLOYMENT_TARGET = 13.2;
				LD_RUNPATH_SEARCH_PATHS = (
					"$(inherited)",
					"@executable_path/Frameworks",
					"@loader_path/Frameworks",
				);
				PRODUCT_BUNDLE_IDENTIFIER = CAF.CaffeineTests;
				PRODUCT_NAME = "$(TARGET_NAME)";
				SWIFT_VERSION = 5.0;
				TARGETED_DEVICE_FAMILY = "1,2";
				TEST_HOST = "$(BUILT_PRODUCTS_DIR)/Caffeine.app/Caffeine";
			};
			name = Release;
		};
/* End XCBuildConfiguration section */

/* Begin XCConfigurationList section */
		A671E952240D4FBF00DF2577 /* Build configuration list for PBXProject "Caffeine" */ = {
			isa = XCConfigurationList;
			buildConfigurations = (
				A671E974240D4FC200DF2577 /* Debug */,
				A671E975240D4FC200DF2577 /* Release */,
			);
			defaultConfigurationIsVisible = 0;
			defaultConfigurationName = Release;
		};
		A671E976240D4FC200DF2577 /* Build configuration list for PBXNativeTarget "Caffeine" */ = {
			isa = XCConfigurationList;
			buildConfigurations = (
				A671E977240D4FC200DF2577 /* Debug */,
				A671E978240D4FC200DF2577 /* Release */,
			);
			defaultConfigurationIsVisible = 0;
			defaultConfigurationName = Release;
		};
		A671E979240D4FC200DF2577 /* Build configuration list for PBXNativeTarget "CaffeineTests" */ = {
			isa = XCConfigurationList;
			buildConfigurations = (
				A671E97A240D4FC200DF2577 /* Debug */,
				A671E97B240D4FC200DF2577 /* Release */,
			);
			defaultConfigurationIsVisible = 0;
			defaultConfigurationName = Release;
		};
/* End XCConfigurationList section */
	};
	rootObject = A671E94F240D4FBF00DF2577 /* Project object */;
}
